
Microsoft Visual Studio Solution File, Format Version 12.00
# Visual Studio 14
VisualStudioVersion = 14.0.25123.0
MinimumVisualStudioVersion = 10.0.40219.1
Project("{FAE04EC0-301F-11D3-BF4B-00C04F79EFBC}") = "HowToNotFixProblems", "HowToNotFixProblems\HowToNotFixProblems.csproj", "{30E33177-FFED-4E04-968A-13B0D42DBA21}"
EndProject
Project("{FAE04EC0-301F-11D3-BF4B-00C04F79EFBC}") = "HowToNotFixProblems.UnitTests", "HowToNotFixProblems.UnitTests\HowToNotFixProblems.UnitTests.csproj", "{F777DB2B-ED1C-43C6-AA68-0007FA7D2E3C}"
EndProject
Global
	GlobalSection(SolutionConfigurationPlatforms) = preSolution
		Debug|Any CPU = Debug|Any CPU
		Release|Any CPU = Release|Any CPU
	EndGlobalSection
	GlobalSection(ProjectConfigurationPlatforms) = postSolution
		{30E33177-FFED-4E04-968A-13B0D42DBA21}.Debug|Any CPU.ActiveCfg = Debug|Any CPU
		{30E33177-FFED-4E04-968A-13B0D42DBA21}.Debug|Any CPU.Build.0 = Debug|Any CPU
		{30E33177-FFED-4E04-968A-13B0D42DBA21}.Release|Any CPU.ActiveCfg = Release|Any CPU
		{30E33177-FFED-4E04-968A-13B0D42DBA21}.Release|Any CPU.Build.0 = Release|Any CPU
		{F777DB2B-ED1C-43C6-AA68-0007FA7D2E3C}.Debug|Any CPU.ActiveCfg = Debug|Any CPU
		{F777DB2B-ED1C-43C6-AA68-0007FA7D2E3C}.Debug|Any CPU.Build.0 = Debug|Any CPU
		{F777DB2B-ED1C-43C6-AA68-0007FA7D2E3C}.Release|Any CPU.ActiveCfg = Release|Any CPU
		{F777DB2B-ED1C-43C6-AA68-0007FA7D2E3C}.Release|Any CPU.Build.0 = Release|Any CPU
	EndGlobalSection
	GlobalSection(SolutionProperties) = preSolution
		HideSolutionNode = FALSE
	EndGlobalSection
EndGlobal
